
Microsoft Visual Studio Solution File, Format Version 12.00
# Visual Studio Version 17
VisualStudioVersion = 17.14.36623.8 d17.14
MinimumVisualStudioVersion = 10.0.40219.1
Project("{FAE04EC0-301F-11D3-BF4B-00C04F79EFBC}") = "STTCSE_Assignment-10", "STTCSE_Assignment-10\STTCSE_Assignment-10.csproj", "{AF55CC7D-F99A-42E2-AE9F-5BE59D9B40B1}"
EndProject
Global
	GlobalSection(SolutionConfigurationPlatforms) = preSolution
		Debug|Any CPU = Debug|Any CPU
		Release|Any CPU = Release|Any CPU
	EndGlobalSection
	GlobalSection(ProjectConfigurationPlatforms) = postSolution
		{AF55CC7D-F99A-42E2-AE9F-5BE59D9B40B1}.Debug|Any CPU.ActiveCfg = Debug|Any CPU
		{AF55CC7D-F99A-42E2-AE9F-5BE59D9B40B1}.Debug|Any CPU.Build.0 = Debug|Any CPU
		{AF55CC7D-F99A-42E2-AE9F-5BE59D9B40B1}.Release|Any CPU.ActiveCfg = Release|Any CPU
		{AF55CC7D-F99A-42E2-AE9F-5BE59D9B40B1}.Release|Any CPU.Build.0 = Release|Any CPU
	EndGlobalSection
	GlobalSection(SolutionProperties) = preSolution
		HideSolutionNode = FALSE
	EndGlobalSection
	GlobalSection(ExtensibilityGlobals) = postSolution
		SolutionGuid = {0B9FE8FE-47BD-4151-B4EB-020FBFE45EA8}
	EndGlobalSection
EndGlobal
